
Microsoft Visual Studio Solution File, Format Version 12.00
# Visual Studio 2017
Project("{FAE04EC0-301F-11D3-BF4B-00C04F79EFBC}") = "Platform", "Platform.csproj", "{E3A97A84-388E-4458-02A9-C8C2A8F32A97}"
EndProject
Project("{FAE04EC0-301F-11D3-BF4B-00C04F79EFBC}") = "Platform.Editor", "Platform.Editor.csproj", "{E50ED06A-2F36-EC7F-DD53-7CAEFE41CBDB}"
EndProject
Global
	GlobalSection(SolutionConfigurationPlatforms) = preSolution
		Debug|Any CPU = Debug|Any CPU
		Release|Any CPU = Release|Any CPU
	EndGlobalSection
	GlobalSection(ProjectConfigurationPlatforms) = postSolution
		{E3A97A84-388E-4458-02A9-C8C2A8F32A97}.Debug|Any CPU.ActiveCfg = Debug|Any CPU
		{E3A97A84-388E-4458-02A9-C8C2A8F32A97}.Debug|Any CPU.Build.0 = Debug|Any CPU
		{E3A97A84-388E-4458-02A9-C8C2A8F32A97}.Release|Any CPU.ActiveCfg = Release|Any CPU
		{E3A97A84-388E-4458-02A9-C8C2A8F32A97}.Release|Any CPU.Build.0 = Release|Any CPU
		{E50ED06A-2F36-EC7F-DD53-7CAEFE41CBDB}.Debug|Any CPU.ActiveCfg = Debug|Any CPU
		{E50ED06A-2F36-EC7F-DD53-7CAEFE41CBDB}.Debug|Any CPU.Build.0 = Debug|Any CPU
		{E50ED06A-2F36-EC7F-DD53-7CAEFE41CBDB}.Release|Any CPU.ActiveCfg = Release|Any CPU
		{E50ED06A-2F36-EC7F-DD53-7CAEFE41CBDB}.Release|Any CPU.Build.0 = Release|Any CPU
	EndGlobalSection
	GlobalSection(SolutionProperties) = preSolution
		HideSolutionNode = FALSE
	EndGlobalSection
EndGlobal
